
Microsoft Visual Studio Solution File, Format Version 12.00
# Visual Studio Version 17
VisualStudioVersion = 17.1.32319.34
MinimumVisualStudioVersion = 10.0.40219.1
Project("{9A19103F-16F7-4668-BE54-9A1E7A4F7556}") = "Decision", "Decision.csproj", "{1473D7CE-FCA3-4160-BDB5-809EBAD85021}"
EndProject
Project("{FAE04EC0-301F-11D3-BF4B-00C04F79EFBC}") = "Iteracion", "..\Iteracion\Iteracion.csproj", "{B576F36C-F695-49A0-A96A-3BE1D5AA5022}"
EndProject
Global
	GlobalSection(SolutionConfigurationPlatforms) = preSolution
		Debug|Any CPU = Debug|Any CPU
		Release|Any CPU = Release|Any CPU
	EndGlobalSection
	GlobalSection(ProjectConfigurationPlatforms) = postSolution
		{1473D7CE-FCA3-4160-BDB5-809EBAD85021}.Debug|Any CPU.ActiveCfg = Debug|Any CPU
		{1473D7CE-FCA3-4160-BDB5-809EBAD85021}.Debug|Any CPU.Build.0 = Debug|Any CPU
		{1473D7CE-FCA3-4160-BDB5-809EBAD85021}.Release|Any CPU.ActiveCfg = Release|Any CPU
		{1473D7CE-FCA3-4160-BDB5-809EBAD85021}.Release|Any CPU.Build.0 = Release|Any CPU
		{B576F36C-F695-49A0-A96A-3BE1D5AA5022}.Debug|Any CPU.ActiveCfg = Debug|Any CPU
		{B576F36C-F695-49A0-A96A-3BE1D5AA5022}.Debug|Any CPU.Build.0 = Debug|Any CPU
		{B576F36C-F695-49A0-A96A-3BE1D5AA5022}.Release|Any CPU.ActiveCfg = Release|Any CPU
		{B576F36C-F695-49A0-A96A-3BE1D5AA5022}.Release|Any CPU.Build.0 = Release|Any CPU
	EndGlobalSection
	GlobalSection(SolutionProperties) = preSolution
		HideSolutionNode = FALSE
	EndGlobalSection
	GlobalSection(ExtensibilityGlobals) = postSolution
		SolutionGuid = {ADA276AC-2B78-484E-A44A-818BBD868A17}
	EndGlobalSection
EndGlobal
